<?xml version="1.0" encoding="utf-8"?>
<Project ToolsVersion="16.0" xmlns="http://schemas.microsoft.com/developer/msbuild/2003">
  <ItemGroup>
    <CustomBuild Include="C:\Users\bandr\source\repos\TicTacToe\_builds\CMakeFiles\ed1ca8d1c41d4891dca33ca18188ce99\generate.stamp.rule">
      <Filter>CMake Rules</Filter>
    </CustomBuild>
  </ItemGroup>
  <ItemGroup>
    <Filter Include="CMake Rules">
      <UniqueIdentifier>{0A118DDF-B538-334C-B889-5BF76834231D}</UniqueIdentifier>
    </Filter>
  </ItemGroup>
</Project>
